# This file is automatically @generated by Cargo.
# It is not intended for manual editing.
[[package]]
name = "cc"
version = "1.0.68"
source = "registry+https://github.com/rust-lang/crates.io-index"
checksum = "4a72c244c1ff497a746a7e1fb3d14bd08420ecda70c8f25c7112f2781652d787"

[[package]]
name = "mdview-window"
version = "0.1.0"
dependencies = [
 "webview_official",
]

[[package]]
name = "pkg-config"
version = "0.3.19"
source = "registry+https://github.com/rust-lang/crates.io-index"
checksum = "3831453b3449ceb48b6d9c7ad7c96d5ea673e9b470a1dc578c2ce6521230884c"

[[package]]
name = "webview-official-sys"
version = "0.1.2"
source = "registry+https://github.com/rust-lang/crates.io-index"
checksum = "c4aec5fdf5bc938ba5fe47d23b8e02d6beaee395a91e16f0b2eec984a9a9e1d2"
dependencies = [
 "cc",
 "pkg-config",
]

[[package]]
name = "webview_official"
version = "0.2.0"
source = "registry+https://github.com/rust-lang/crates.io-index"
checksum = "b38277d3fa288b13db39eeb153f9b8ee3d8e3181648ade05264c1ba99e774999"
dependencies = [
 "webview-official-sys",
]
